config/Field_240_m20.yaml
results/Mosaics/Panstarrs_Mosiac_240_m20.fits
config/Field_240_m20.yaml
results/StarCatalogues/Panstarrs_match_Gaia_240_m20_targets.csv
results/StarCatalogues/Panstarrs_match_Gaia_240_m20_standards.csv
results/StarCatalogues/Panstarrs_match_Gaia_240_m20_guides.csv
config/Field_240_m20.yaml
