results/StarCatalogues/Panstarrs_match_Gaia_300_m20_targets.csv
results/StarCatalogues/Panstarrs_match_Gaia_300_m20_standards.csv
results/StarCatalogues/Panstarrs_match_Gaia_300_m20_guides.csv
results/TilingOutputs/300_m20_equally_spaced/completed_tiling.done
results/StarCatalogues/equally_spaced_300_m22.csv
